// !$*UTF8*$!
{
	archiveVersion = 1;
	classes = {
	};
	objectVersion = 46;
	objects = {

/* Begin PBXBuildFile section */
		19E808AF1EB18EE700EFEE50 /* AppDelegate.swift in Sources */ = {isa = PBXBuildFile; fileRef = 19E808AE1EB18EE700EFEE50 /* AppDelegate.swift */; };
		19E808B11EB18EE700EFEE50 /* ViewController.swift in Sources */ = {isa = PBXBuildFile; fileRef = 19E808B01EB18EE700EFEE50 /* ViewController.swift */; };
		19E808B41EB18EE700EFEE50 /* Main.storyboard in Resources */ = {isa = PBXBuildFile; fileRef = 19E808B21EB18EE700EFEE50 /* Main.storyboard */; };
		19E808B71EB18EE700EFEE50 /* color.xcdatamodeld in Sources */ = {isa = PBXBuildFile; fileRef = 19E808B51EB18EE700EFEE50 /* color.xcdatamodeld */; };
		19E808B91EB18EE700EFEE50 /* Assets.xcassets in Resources */ = {isa = PBXBuildFile; fileRef = 19E808B81EB18EE700EFEE50 /* Assets.xcassets */; };
		19E808BC1EB18EE700EFEE50 /* LaunchScreen.storyboard in Resources */ = {isa = PBXBuildFile; fileRef = 19E808BA1EB18EE700EFEE50 /* LaunchScreen.storyboard */; };
/* End PBXBuildFile section */

/* Begin PBXFileReference section */
		19E808AB1EB18EE700EFEE50 /* color.app */ = {isa = PBXFileReference; explicitFileType = wrapper.application; includeInIndex = 0; path = color.app; sourceTree = BUILT_PRODUCTS_DIR; };
		19E808AE1EB18EE700EFEE50 /* AppDelegate.swift */ = {isa = PBXFileReference; lastKnownFileType = sourcecode.swift; path = AppDelegate.swift; sourceTree = "<group>"; };
		19E808B01EB18EE700EFEE50 /* ViewController.swift */ = {isa = PBXFileReference; lastKnownFileType = sourcecode.swift; path = ViewController.swift; sourceTree = "<group>"; };
		19E808B31EB18EE700EFEE50 /* Base */ = {isa = PBXFileReference; lastKnownFileType = file.storyboard; name = Base; path = Base.lproj/Main.storyboard; sourceTree = "<group>"; };
		19E808B61EB18EE700EFEE50 /* color.xcdatamodel */ = {isa = PBXFileReference; lastKnownFileType = wrapper.xcdatamodel; path = color.xcdatamodel; sourceTree = "<group>"; };
		19E808B81EB18EE700EFEE50 /* Assets.xcassets */ = {isa = PBXFileReference; lastKnownFileType = folder.assetcatalog; path = Assets.xcassets; sourceTree = "<group>"; };
		19E808BB1EB18EE700EFEE50 /* Base */ = {isa = PBXFileReference; lastKnownFileType = file.storyboard; name = Base; path = Base.lproj/LaunchScreen.storyboard; sourceTree = "<group>"; };
		19E808BD1EB18EE700EFEE50 /* Info.plist */ = {isa = PBXFileReference; lastKnownFileType = text.plist.xml; path = Info.plist; sourceTree = "<group>"; };
/* End PBXFileReference section */

/* Begin PBXFrameworksBuildPhase section */
		19E808A81EB18EE700EFEE50 /* Frameworks */ = {
			isa = PBXFrameworksBuildPhase;
			buildActionMask = 2147483647;
			files = (
			);
			runOnlyForDeploymentPostprocessing = 0;
		};
/* End PBXFrameworksBuildPhase section */

/* Begin PBXGroup section */
		19E808A21EB18EE700EFEE50 = {
			isa = PBXGroup;
			children = (
				19E808AD1EB18EE700EFEE50 /* color */,
				19E808AC1EB18EE700EFEE50 /* Products */,
			);
			sourceTree = "<group>";
		};
		19E808AC1EB18EE700EFEE50 /* Products */ = {
			isa = PBXGroup;
			children = (
				19E808AB1EB18EE700EFEE50 /* color.app */,
			);
			name = Products;
			sourceTree = "<group>";
		};
		19E808AD1EB18EE700EFEE50 /* color */ = {
			isa = PBXGroup;
			children = (
				19E808AE1EB18EE700EFEE50 /* AppDelegate.swift */,
				19E808B01EB18EE700EFEE50 /* ViewController.swift */,
				19E808B21EB18EE700EFEE50 /* Main.storyboard */,
				19E808B81EB18EE700EFEE50 /* Assets.xcassets */,
				19E808BA1EB18EE700EFEE50 /* LaunchScreen.storyboard */,
				19E808BD1EB18EE700EFEE50 /* Info.plist */,
				19E808B51EB18EE700EFEE50 /* color.xcdatamodeld */,
			);
			path = color;
			sourceTree = "<group>";
		};
/* End PBXGroup section */

/* Begin PBXNativeTarget section */
		19E808AA1EB18EE700EFEE50 /* color */ = {
			isa = PBXNativeTarget;
			buildConfigurationList = 19E808C01EB18EE700EFEE50 /* Build configuration list for PBXNativeTarget "color" */;
			buildPhases = (
				19E808A71EB18EE700EFEE50 /* Sources */,
				19E808A81EB18EE700EFEE50 /* Frameworks */,
				19E808A91EB18EE700EFEE50 /* Resources */,
			);
			buildRules = (
			);
			dependencies = (
			);
			name = color;
			productName = color;
			productReference = 19E808AB1EB18EE700EFEE50 /* color.app */;
			productType = "com.apple.product-type.application";
		};
/* End PBXNativeTarget section */

/* Begin PBXProject section */
		19E808A31EB18EE700EFEE50 /* Project object */ = {
			isa = PBXProject;
			attributes = {
				LastSwiftUpdateCheck = 0830;
				LastUpgradeCheck = 0830;
				ORGANIZATIONNAME = LocTran;
				TargetAttributes = {
					19E808AA1EB18EE700EFEE50 = {
						CreatedOnToolsVersion = 8.3.2;
						ProvisioningStyle = Automatic;
					};
				};
			};
			buildConfigurationList = 19E808A61EB18EE700EFEE50 /* Build configuration list for PBXProject "color" */;
			compatibilityVersion = "Xcode 3.2";
			developmentRegion = English;
			hasScannedForEncodings = 0;
			knownRegions = (
				en,
				Base,
			);
			mainGroup = 19E808A21EB18EE700EFEE50;
			productRefGroup = 19E808AC1EB18EE700EFEE50 /* Products */;
			projectDirPath = "";
			projectRoot = "";
			targets = (
				19E808AA1EB18EE700EFEE50 /* color */,
			);
		};
/* End PBXProject section */

/* Begin PBXResourcesBuildPhase section */
		19E808A91EB18EE700EFEE50 /* Resources */ = {
			isa = PBXResourcesBuildPhase;
			buildActionMask = 2147483647;
			files = (
				19E808BC1EB18EE700EFEE50 /* LaunchScreen.storyboard in Resources */,
				19E808B91EB18EE700EFEE50 /* Assets.xcassets in Resources */,
				19E808B41EB18EE700EFEE50 /* Main.storyboard in Resources */,
			);
			runOnlyForDeploymentPostprocessing = 0;
		};
/* End PBXResourcesBuildPhase section */

/* Begin PBXSourcesBuildPhase section */
		19E808A71EB18EE700EFEE50 /* Sources */ = {
			isa = PBXSourcesBuildPhase;
			buildActionMask = 2147483647;
			files = (
				19E808B11EB18EE700EFEE50 /* ViewController.swift in Sources */,
				19E808B71EB18EE700EFEE50 /* color.xcdatamodeld in Sources */,
				19E808AF1EB18EE700EFEE50 /* AppDelegate.swift in Sources */,
			);
			runOnlyForDeploymentPostprocessing = 0;
		};
/* End PBXSourcesBuildPhase section */

/* Begin PBXVariantGroup section */
		19E808B21EB18EE700EFEE50 /* Main.storyboard */ = {
			isa = PBXVariantGroup;
			children = (
				19E808B31EB18EE700EFEE50 /* Base */,
			);
			name = Main.storyboard;
			sourceTree = "<group>";
		};
		19E808BA1EB18EE700EFEE50 /* LaunchScreen.storyboard */ = {
			isa = PBXVariantGroup;
			children = (
				19E808BB1EB18EE700EFEE50 /* Base */,
			);
			name = LaunchScreen.storyboard;
			sourceTree = "<group>";
		};
/* End PBXVariantGroup section */

/* Begin XCBuildConfiguration section */
		19E808BE1EB18EE700EFEE50 /* Debug */ = {
			isa = XCBuildConfiguration;
			buildSettings = {
				ALWAYS_SEARCH_USER_PATHS = NO;
				CLANG_ANALYZER_NONNULL = YES;
				CLANG_ANALYZER_NUMBER_OBJECT_CONVERSION = YES_AGGRESSIVE;
				CLANG_CXX_LANGUAGE_STANDARD = "gnu++0x";
				CLANG_CXX_LIBRARY = "libc++";
				CLANG_ENABLE_MODULES = YES;
				CLANG_ENABLE_OBJC_ARC = YES;
				CLANG_WARN_BOOL_CONVERSION = YES;
				CLANG_WARN_CONSTANT_CONVERSION = YES;
				CLANG_WARN_DIRECT_OBJC_ISA_USAGE = YES_ERROR;
				CLANG_WARN_DOCUMENTATION_COMMENTS = YES;
				CLANG_WARN_EMPTY_BODY = YES;
				CLANG_WARN_ENUM_CONVERSION = YES;
				CLANG_WARN_INFINITE_RECURSION = YES;
				CLANG_WARN_INT_CONVERSION = YES;
				CLANG_WARN_OBJC_ROOT_CLASS = YES_ERROR;
				CLANG_WARN_SUSPICIOUS_MOVE = YES;
				CLANG_WARN_UNREACHABLE_CODE = YES;
				CLANG_WARN__DUPLICATE_METHOD_MATCH = YES;
				"CODE_SIGN_IDENTITY[sdk=iphoneos*]" = "iPhone Developer";
				COPY_PHASE_STRIP = NO;
				DEBUG_INFORMATION_FORMAT = dwarf;
				ENABLE_STRICT_OBJC_MSGSEND = YES;
				ENABLE_TESTABILITY = YES;
				GCC_C_LANGUAGE_STANDARD = gnu99;
				GCC_DYNAMIC_NO_PIC = NO;
				GCC_NO_COMMON_BLOCKS = YES;
				GCC_OPTIMIZATION_LEVEL = 0;
				GCC_PREPROCESSOR_DEFINITIONS = (
					"DEBUG=1",
					"$(inherited)",
				);
				GCC_WARN_64_TO_32_BIT_CONVERSION = YES;
				GCC_WARN_ABOUT_RETURN_TYPE = YES_ERROR;
				GCC_WARN_UNDECLARED_SELECTOR = YES;
				GCC_WARN_UNINITIALIZED_AUTOS = YES_AGGRESSIVE;
				GCC_WARN_UNUSED_FUNCTION = YES;
				GCC_WARN_UNUSED_VARIABLE = YES;
				IPHONEOS_DEPLOYMENT_TARGET = 10.3;
				MTL_ENABLE_DEBUG_INFO = YES;
				ONLY_ACTIVE_ARCH = YES;
				SDKROOT = iphoneos;
				SWIFT_ACTIVE_COMPILATION_CONDITIONS = DEBUG;
				SWIFT_OPTIMIZATION_LEVEL = "-Onone";
				TARGETED_DEVICE_FAMILY = "1,2";
			};
			name = Debug;
		};
		19E808BF1EB18EE700EFEE50 /* Release */ = {
			isa = XCBuildConfiguration;
			buildSettings = {
				ALWAYS_SEARCH_USER_PATHS = NO;
				CLANG_ANALYZER_NONNULL = YES;
				CLANG_ANALYZER_NUMBER_OBJECT_CONVERSION = YES_AGGRESSIVE;
				CLANG_CXX_LANGUAGE_STANDARD = "gnu++0x";
				CLANG_CXX_LIBRARY = "libc++";
				CLANG_ENABLE_MODULES = YES;
				CLANG_ENABLE_OBJC_ARC = YES;
				CLANG_WARN_BOOL_CONVERSION = YES;
				CLANG_WARN_CONSTANT_CONVERSION = YES;
				CLANG_WARN_DIRECT_OBJC_ISA_USAGE = YES_ERROR;
				CLANG_WARN_DOCUMENTATION_COMMENTS = YES;
				CLANG_WARN_EMPTY_BODY = YES;
				CLANG_WARN_ENUM_CONVERSION = YES;
				CLANG_WARN_INFINITE_RECURSION = YES;
				CLANG_WARN_INT_CONVERSION = YES;
				CLANG_WARN_OBJC_ROOT_CLASS = YES_ERROR;
				CLANG_WARN_SUSPICIOUS_MOVE = YES;
				CLANG_WARN_UNREACHABLE_CODE = YES;
				CLANG_WARN__DUPLICATE_METHOD_MATCH = YES;
				"CODE_SIGN_IDENTITY[sdk=iphoneos*]" = "iPhone Developer";
				COPY_PHASE_STRIP = NO;
				DEBUG_INFORMATION_FORMAT = "dwarf-with-dsym";
				ENABLE_NS_ASSERTIONS = NO;
				ENABLE_STRICT_OBJC_MSGSEND = YES;
				GCC_C_LANGUAGE_STANDARD = gnu99;
				GCC_NO_COMMON_BLOCKS = YES;
				GCC_WARN_64_TO_32_BIT_CONVERSION = YES;
				GCC_WARN_ABOUT_RETURN_TYPE = YES_ERROR;
				GCC_WARN_UNDECLARED_SELECTOR = YES;
				GCC_WARN_UNINITIALIZED_AUTOS = YES_AGGRESSIVE;
				GCC_WARN_UNUSED_FUNCTION = YES;
				GCC_WARN_UNUSED_VARIABLE = YES;
				IPHONEOS_DEPLOYMENT_TARGET = 10.3;
				MTL_ENABLE_DEBUG_INFO = NO;
				SDKROOT = iphoneos;
				SWIFT_OPTIMIZATION_LEVEL = "-Owholemodule";
				TARGETED_DEVICE_FAMILY = "1,2";
				VALIDATE_PRODUCT = YES;
			};
			name = Release;
		};
		19E808C11EB18EE700EFEE50 /* Debug */ = {
			isa = XCBuildConfiguration;
			buildSettings = {
				ASSETCATALOG_COMPILER_APPICON_NAME = AppIcon;
				INFOPLIST_FILE = color/Info.plist;
				LD_RUNPATH_SEARCH_PATHS = "$(inherited) @executable_path/Frameworks";
				PRODUCT_BUNDLE_IDENTIFIER = com.LocTran.color;
				PRODUCT_NAME = "$(TARGET_NAME)";
				SWIFT_VERSION = 3.0;
			};
			name = Debug;
		};
		19E808C21EB18EE700EFEE50 /* Release */ = {
			isa = XCBuildConfiguration;
			buildSettings = {
				ASSETCATALOG_COMPILER_APPICON_NAME = AppIcon;
				INFOPLIST_FILE = color/Info.plist;
				LD_RUNPATH_SEARCH_PATHS = "$(inherited) @executable_path/Frameworks";
				PRODUCT_BUNDLE_IDENTIFIER = com.LocTran.color;
				PRODUCT_NAME = "$(TARGET_NAME)";
				SWIFT_VERSION = 3.0;
			};
			name = Release;
		};
/* End XCBuildConfiguration section */

/* Begin XCConfigurationList section */
		19E808A61EB18EE700EFEE50 /* Build configuration list for PBXProject "color" */ = {
			isa = XCConfigurationList;
			buildConfigurations = (
				19E808BE1EB18EE700EFEE50 /* Debug */,
				19E808BF1EB18EE700EFEE50 /* Release */,
			);
			defaultConfigurationIsVisible = 0;
			defaultConfigurationName = Release;
		};
		19E808C01EB18EE700EFEE50 /* Build configuration list for PBXNativeTarget "color" */ = {
			isa = XCConfigurationList;
			buildConfigurations = (
				19E808C11EB18EE700EFEE50 /* Debug */,
				19E808C21EB18EE700EFEE50 /* Release */,
			);
			defaultConfigurationIsVisible = 0;
		};
/* End XCConfigurationList section */

/* Begin XCVersionGroup section */
		19E808B51EB18EE700EFEE50 /* color.xcdatamodeld */ = {
			isa = XCVersionGroup;
			children = (
				19E808B61EB18EE700EFEE50 /* color.xcdatamodel */,
			);
			currentVersion = 19E808B61EB18EE700EFEE50 /* color.xcdatamodel */;
			path = color.xcdatamodeld;
			sourceTree = "<group>";
			versionGroupType = wrapper.xcdatamodel;
		};
/* End XCVersionGroup section */
	};
	rootObject = 19E808A31EB18EE700EFEE50 /* Project object */;
}
